Microsoft Visual Studio Solution File, Format Version 12.00
# Visual Studio Version 17
VisualStudioVersion = 17.2.32210.308
MinimumVisualStudioVersion = 15.0.26124.0

Project("{2150E333-8FDC-42A3-9474-1A3956D46DE8}") = "Source", "Source", "{AFDE601B-C374-4E87-BB42-773680823E6C}"
EndProject
Project("{2150E333-8FDC-42A3-9474-1A3956D46DE8}") = "Platforms", "Platforms", "{981F2E1B-516B-4E9F-BBE9-A007CD0815C2}"
EndProject
Project("{2150E333-8FDC-42A3-9474-1A3956D46DE8}") = "Backend", "Backend", "{C6C47B5B-2F98-4BA6-9142-FFEFF7DDC793}"
EndProject
Project("{2150E333-8FDC-42A3-9474-1A3956D46DE8}") = "Tests", "Tests", "{3848DBBA-F3E5-4EF2-9129-AEAB4F4AA5F9}"
EndProject

Project("{9A19103F-16F7-4668-BE54-9A1E7A4F7556}") = "Albums", "Albums\Albums.csproj", "{E8C716C2-07CA-4FDE-B291-18DDFF75E762}"
EndProject
Project("{9A19103F-16F7-4668-BE54-9A1E7A4F7556}") = "Albums.Mobile", "Albums.Mobile\Albums.Mobile.csproj", "{FDBB1315-12C1-4259-B7AE-254D3F8E7D56}"
EndProject
Project("{9A19103F-16F7-4668-BE54-9A1E7A4F7556}") = "Albums.Wasm", "Albums.Wasm\Albums.Wasm.csproj", "{03F1A8C2-8407-4D8C-BE37-E0C14BF89852}"
EndProject
Project("{9A19103F-16F7-4668-BE54-9A1E7A4F7556}") = "Albums.Skia.Gtk", "Albums.Skia.Gtk\Albums.Skia.Gtk.csproj", "{FD0166F6-2922-4D32-BCAA-BA518B57B3C6}"
EndProject
Project("{9A19103F-16F7-4668-BE54-9A1E7A4F7556}") = "Albums.Windows", "Albums.Windows\Albums.Windows.csproj", "{9B031031-BDAF-471B-A42D-DEDC407E77B4}"
EndProject
Project("{9A19103F-16F7-4668-BE54-9A1E7A4F7556}") = "Albums.Server", "Albums.Server\Albums.Server.csproj", "{33C12B0C-6721-4C7D-BA80-946CE70E1747}"
EndProject
Project("{9A19103F-16F7-4668-BE54-9A1E7A4F7556}") = "Albums.DataContracts", "Albums.DataContracts\Albums.DataContracts.csproj", "{116669B1-BCC5-4ED5-99F4-649FFBBC5E7C}"
EndProject
Project("{9A19103F-16F7-4668-BE54-9A1E7A4F7556}") = "Albums.Tests", "Albums.Tests\Albums.Tests.csproj", "{9F620F4B-0D45-4546-A048-CB6A6977F10C}"
EndProject
Project("{9A19103F-16F7-4668-BE54-9A1E7A4F7556}") = "Albums.UITests", "Albums.UITests\Albums.UITests.csproj", "{D5150C0E-C791-480E-A147-D42B5F951556}"
EndProject

Project("{2150E333-8FDC-42A3-9474-1A3956D46DE8}") = "Solution Items", "Solution Items", "{BADA71DC-7FFD-4EDC-9F28-FB74AEADC713}"
	ProjectSection(SolutionItems) = preProject
		Directory.Build.props = Directory.Build.props
		Directory.Build.targets = Directory.Build.targets
	EndProjectSection
EndProject
Global
	GlobalSection(SolutionConfigurationPlatforms) = preSolution
		Debug|Any CPU = Debug|Any CPU
		Debug|ARM = Debug|ARM
		Debug|ARM64 = Debug|ARM64
		Debug|iPhone = Debug|iPhone
		Debug|iPhoneSimulator = Debug|iPhoneSimulator
		Debug|x64 = Debug|x64
		Debug|x86 = Debug|x86
		Release|Any CPU = Release|Any CPU
		Release|ARM = Release|ARM
		Release|ARM64 = Release|ARM64
		Release|iPhone = Release|iPhone
		Release|iPhoneSimulator = Release|iPhoneSimulator
		Release|x64 = Release|x64
		Release|x86 = Release|x86
	EndGlobalSection
	GlobalSection(ProjectConfigurationPlatforms) = postSolution
		{FDBB1315-12C1-4259-B7AE-254D3F8E7D56}.Debug|Any CPU.ActiveCfg = Debug|Any CPU
		{FDBB1315-12C1-4259-B7AE-254D3F8E7D56}.Debug|Any CPU.Build.0 = Debug|Any CPU
		{FDBB1315-12C1-4259-B7AE-254D3F8E7D56}.Debug|Any CPU.Deploy.0 = Debug|Any CPU
		{FDBB1315-12C1-4259-B7AE-254D3F8E7D56}.Debug|ARM.ActiveCfg = Debug|Any CPU
		{FDBB1315-12C1-4259-B7AE-254D3F8E7D56}.Debug|ARM.Build.0 = Debug|Any CPU
		{FDBB1315-12C1-4259-B7AE-254D3F8E7D56}.Debug|ARM.Deploy.0 = Debug|Any CPU
		{FDBB1315-12C1-4259-B7AE-254D3F8E7D56}.Debug|ARM64.ActiveCfg = Debug|Any CPU
		{FDBB1315-12C1-4259-B7AE-254D3F8E7D56}.Debug|ARM64.Build.0 = Debug|Any CPU
		{FDBB1315-12C1-4259-B7AE-254D3F8E7D56}.Debug|ARM64.Deploy.0 = Debug|Any CPU
		{FDBB1315-12C1-4259-B7AE-254D3F8E7D56}.Debug|iPhone.ActiveCfg = Debug|Any CPU
		{FDBB1315-12C1-4259-B7AE-254D3F8E7D56}.Debug|iPhone.Build.0 = Debug|Any CPU
		{FDBB1315-12C1-4259-B7AE-254D3F8E7D56}.Debug|iPhone.Deploy.0 = Debug|Any CPU
		{FDBB1315-12C1-4259-B7AE-254D3F8E7D56}.Debug|iPhoneSimulator.ActiveCfg = Debug|Any CPU
		{FDBB1315-12C1-4259-B7AE-254D3F8E7D56}.Debug|iPhoneSimulator.Build.0 = Debug|Any CPU
		{FDBB1315-12C1-4259-B7AE-254D3F8E7D56}.Debug|iPhoneSimulator.Deploy.0 = Debug|Any CPU
		{FDBB1315-12C1-4259-B7AE-254D3F8E7D56}.Debug|x64.ActiveCfg = Debug|Any CPU
		{FDBB1315-12C1-4259-B7AE-254D3F8E7D56}.Debug|x64.Build.0 = Debug|Any CPU
		{FDBB1315-12C1-4259-B7AE-254D3F8E7D56}.Debug|x64.Deploy.0 = Debug|Any CPU
		{FDBB1315-12C1-4259-B7AE-254D3F8E7D56}.Debug|x86.ActiveCfg = Debug|Any CPU
		{FDBB1315-12C1-4259-B7AE-254D3F8E7D56}.Debug|x86.Build.0 = Debug|Any CPU
		{FDBB1315-12C1-4259-B7AE-254D3F8E7D56}.Debug|x86.Deploy.0 = Debug|Any CPU
		{FDBB1315-12C1-4259-B7AE-254D3F8E7D56}.Release|Any CPU.ActiveCfg = Release|Any CPU
		{FDBB1315-12C1-4259-B7AE-254D3F8E7D56}.Release|Any CPU.Build.0 = Release|Any CPU
		{FDBB1315-12C1-4259-B7AE-254D3F8E7D56}.Release|Any CPU.Deploy.0 = Release|Any CPU
		{FDBB1315-12C1-4259-B7AE-254D3F8E7D56}.Release|ARM.ActiveCfg = Release|Any CPU
		{FDBB1315-12C1-4259-B7AE-254D3F8E7D56}.Release|ARM.Build.0 = Release|Any CPU
		{FDBB1315-12C1-4259-B7AE-254D3F8E7D56}.Release|ARM.Deploy.0 = Release|Any CPU
		{FDBB1315-12C1-4259-B7AE-254D3F8E7D56}.Release|ARM64.ActiveCfg = Release|Any CPU
		{FDBB1315-12C1-4259-B7AE-254D3F8E7D56}.Release|ARM64.Build.0 = Release|Any CPU
		{FDBB1315-12C1-4259-B7AE-254D3F8E7D56}.Release|ARM64.Deploy.0 = Release|Any CPU
		{FDBB1315-12C1-4259-B7AE-254D3F8E7D56}.Release|iPhone.ActiveCfg = Release|Any CPU
		{FDBB1315-12C1-4259-B7AE-254D3F8E7D56}.Release|iPhone.Build.0 = Release|Any CPU
		{FDBB1315-12C1-4259-B7AE-254D3F8E7D56}.Release|iPhone.Deploy.0 = Release|Any CPU
		{FDBB1315-12C1-4259-B7AE-254D3F8E7D56}.Release|iPhoneSimulator.ActiveCfg = Release|Any CPU
		{FDBB1315-12C1-4259-B7AE-254D3F8E7D56}.Release|iPhoneSimulator.Build.0 = Release|Any CPU
		{FDBB1315-12C1-4259-B7AE-254D3F8E7D56}.Release|iPhoneSimulator.Deploy.0 = Release|Any CPU
		{FDBB1315-12C1-4259-B7AE-254D3F8E7D56}.Release|x64.ActiveCfg = Release|Any CPU
		{FDBB1315-12C1-4259-B7AE-254D3F8E7D56}.Release|x64.Build.0 = Release|Any CPU
		{FDBB1315-12C1-4259-B7AE-254D3F8E7D56}.Release|x64.Deploy.0 = Release|Any CPU
		{FDBB1315-12C1-4259-B7AE-254D3F8E7D56}.Release|x86.ActiveCfg = Release|Any CPU
		{FDBB1315-12C1-4259-B7AE-254D3F8E7D56}.Release|x86.Build.0 = Release|Any CPU
		{FDBB1315-12C1-4259-B7AE-254D3F8E7D56}.Release|x86.Deploy.0 = Release|Any CPU
		{03F1A8C2-8407-4D8C-BE37-E0C14BF89852}.Debug|Any CPU.ActiveCfg = Debug|Any CPU
		{03F1A8C2-8407-4D8C-BE37-E0C14BF89852}.Debug|Any CPU.Build.0 = Debug|Any CPU
		{03F1A8C2-8407-4D8C-BE37-E0C14BF89852}.Debug|ARM.ActiveCfg = Debug|Any CPU
		{03F1A8C2-8407-4D8C-BE37-E0C14BF89852}.Debug|ARM.Build.0 = Debug|Any CPU
		{03F1A8C2-8407-4D8C-BE37-E0C14BF89852}.Debug|ARM64.ActiveCfg = Debug|Any CPU
		{03F1A8C2-8407-4D8C-BE37-E0C14BF89852}.Debug|ARM64.Build.0 = Debug|Any CPU
		{03F1A8C2-8407-4D8C-BE37-E0C14BF89852}.Debug|iPhone.ActiveCfg = Debug|Any CPU
		{03F1A8C2-8407-4D8C-BE37-E0C14BF89852}.Debug|iPhone.Build.0 = Debug|Any CPU
		{03F1A8C2-8407-4D8C-BE37-E0C14BF89852}.Debug|iPhoneSimulator.ActiveCfg = Debug|Any CPU
		{03F1A8C2-8407-4D8C-BE37-E0C14BF89852}.Debug|iPhoneSimulator.Build.0 = Debug|Any CPU
		{03F1A8C2-8407-4D8C-BE37-E0C14BF89852}.Debug|x64.ActiveCfg = Debug|Any CPU
		{03F1A8C2-8407-4D8C-BE37-E0C14BF89852}.Debug|x64.Build.0 = Debug|Any CPU
		{03F1A8C2-8407-4D8C-BE37-E0C14BF89852}.Debug|x86.ActiveCfg = Debug|Any CPU
		{03F1A8C2-8407-4D8C-BE37-E0C14BF89852}.Debug|x86.Build.0 = Debug|Any CPU
		{03F1A8C2-8407-4D8C-BE37-E0C14BF89852}.Release|Any CPU.ActiveCfg = Release|Any CPU
		{03F1A8C2-8407-4D8C-BE37-E0C14BF89852}.Release|Any CPU.Build.0 = Release|Any CPU
		{03F1A8C2-8407-4D8C-BE37-E0C14BF89852}.Release|ARM.ActiveCfg = Release|Any CPU
		{03F1A8C2-8407-4D8C-BE37-E0C14BF89852}.Release|ARM.Build.0 = Release|Any CPU
		{03F1A8C2-8407-4D8C-BE37-E0C14BF89852}.Release|ARM64.ActiveCfg = Release|Any CPU
		{03F1A8C2-8407-4D8C-BE37-E0C14BF89852}.Release|ARM64.Build.0 = Release|Any CPU
		{03F1A8C2-8407-4D8C-BE37-E0C14BF89852}.Release|iPhone.ActiveCfg = Release|Any CPU
		{03F1A8C2-8407-4D8C-BE37-E0C14BF89852}.Release|iPhone.Build.0 = Release|Any CPU
		{03F1A8C2-8407-4D8C-BE37-E0C14BF89852}.Release|iPhoneSimulator.ActiveCfg = Release|Any CPU
		{03F1A8C2-8407-4D8C-BE37-E0C14BF89852}.Release|iPhoneSimulator.Build.0 = Release|Any CPU
		{03F1A8C2-8407-4D8C-BE37-E0C14BF89852}.Release|x64.ActiveCfg = Release|Any CPU
		{03F1A8C2-8407-4D8C-BE37-E0C14BF89852}.Release|x64.Build.0 = Release|Any CPU
		{03F1A8C2-8407-4D8C-BE37-E0C14BF89852}.Release|x86.ActiveCfg = Release|Any CPU
		{03F1A8C2-8407-4D8C-BE37-E0C14BF89852}.Release|x86.Build.0 = Release|Any CPU
		{FD0166F6-2922-4D32-BCAA-BA518B57B3C6}.Debug|Any CPU.ActiveCfg = Debug|Any CPU
		{FD0166F6-2922-4D32-BCAA-BA518B57B3C6}.Debug|Any CPU.Build.0 = Debug|Any CPU
		{FD0166F6-2922-4D32-BCAA-BA518B57B3C6}.Debug|ARM.ActiveCfg = Debug|Any CPU
		{FD0166F6-2922-4D32-BCAA-BA518B57B3C6}.Debug|ARM.Build.0 = Debug|Any CPU
		{FD0166F6-2922-4D32-BCAA-BA518B57B3C6}.Debug|ARM64.ActiveCfg = Debug|Any CPU
		{FD0166F6-2922-4D32-BCAA-BA518B57B3C6}.Debug|ARM64.Build.0 = Debug|Any CPU
		{FD0166F6-2922-4D32-BCAA-BA518B57B3C6}.Debug|iPhone.ActiveCfg = Debug|Any CPU
		{FD0166F6-2922-4D32-BCAA-BA518B57B3C6}.Debug|iPhone.Build.0 = Debug|Any CPU
		{FD0166F6-2922-4D32-BCAA-BA518B57B3C6}.Debug|iPhoneSimulator.ActiveCfg = Debug|Any CPU
		{FD0166F6-2922-4D32-BCAA-BA518B57B3C6}.Debug|iPhoneSimulator.Build.0 = Debug|Any CPU
		{FD0166F6-2922-4D32-BCAA-BA518B57B3C6}.Debug|x64.ActiveCfg = Debug|Any CPU
		{FD0166F6-2922-4D32-BCAA-BA518B57B3C6}.Debug|x64.Build.0 = Debug|Any CPU
		{FD0166F6-2922-4D32-BCAA-BA518B57B3C6}.Debug|x86.ActiveCfg = Debug|Any CPU
		{FD0166F6-2922-4D32-BCAA-BA518B57B3C6}.Debug|x86.Build.0 = Debug|Any CPU
		{FD0166F6-2922-4D32-BCAA-BA518B57B3C6}.Release|Any CPU.ActiveCfg = Release|Any CPU
		{FD0166F6-2922-4D32-BCAA-BA518B57B3C6}.Release|Any CPU.Build.0 = Release|Any CPU
		{FD0166F6-2922-4D32-BCAA-BA518B57B3C6}.Release|ARM.ActiveCfg = Release|Any CPU
		{FD0166F6-2922-4D32-BCAA-BA518B57B3C6}.Release|ARM.Build.0 = Release|Any CPU
		{FD0166F6-2922-4D32-BCAA-BA518B57B3C6}.Release|ARM64.ActiveCfg = Release|Any CPU
		{FD0166F6-2922-4D32-BCAA-BA518B57B3C6}.Release|ARM64.Build.0 = Release|Any CPU
		{FD0166F6-2922-4D32-BCAA-BA518B57B3C6}.Release|iPhone.ActiveCfg = Release|Any CPU
		{FD0166F6-2922-4D32-BCAA-BA518B57B3C6}.Release|iPhone.Build.0 = Release|Any CPU
		{FD0166F6-2922-4D32-BCAA-BA518B57B3C6}.Release|iPhoneSimulator.ActiveCfg = Release|Any CPU
		{FD0166F6-2922-4D32-BCAA-BA518B57B3C6}.Release|iPhoneSimulator.Build.0 = Release|Any CPU
		{FD0166F6-2922-4D32-BCAA-BA518B57B3C6}.Release|x64.ActiveCfg = Release|Any CPU
		{FD0166F6-2922-4D32-BCAA-BA518B57B3C6}.Release|x64.Build.0 = Release|Any CPU
		{FD0166F6-2922-4D32-BCAA-BA518B57B3C6}.Release|x86.ActiveCfg = Release|Any CPU
		{FD0166F6-2922-4D32-BCAA-BA518B57B3C6}.Release|x86.Build.0 = Release|Any CPU
		{33C12B0C-6721-4C7D-BA80-946CE70E1747}.Debug|Any CPU.ActiveCfg = Debug|Any CPU
		{33C12B0C-6721-4C7D-BA80-946CE70E1747}.Debug|Any CPU.Build.0 = Debug|Any CPU
		{33C12B0C-6721-4C7D-BA80-946CE70E1747}.Debug|ARM.ActiveCfg = Debug|Any CPU
		{33C12B0C-6721-4C7D-BA80-946CE70E1747}.Debug|ARM.Build.0 = Debug|Any CPU
		{33C12B0C-6721-4C7D-BA80-946CE70E1747}.Debug|ARM64.ActiveCfg = Debug|Any CPU
		{33C12B0C-6721-4C7D-BA80-946CE70E1747}.Debug|ARM64.Build.0 = Debug|Any CPU
		{33C12B0C-6721-4C7D-BA80-946CE70E1747}.Debug|iPhone.ActiveCfg = Debug|Any CPU
		{33C12B0C-6721-4C7D-BA80-946CE70E1747}.Debug|iPhone.Build.0 = Debug|Any CPU
		{33C12B0C-6721-4C7D-BA80-946CE70E1747}.Debug|iPhoneSimulator.ActiveCfg = Debug|Any CPU
		{33C12B0C-6721-4C7D-BA80-946CE70E1747}.Debug|iPhoneSimulator.Build.0 = Debug|Any CPU
		{33C12B0C-6721-4C7D-BA80-946CE70E1747}.Debug|x64.ActiveCfg = Debug|Any CPU
		{33C12B0C-6721-4C7D-BA80-946CE70E1747}.Debug|x64.Build.0 = Debug|Any CPU
		{33C12B0C-6721-4C7D-BA80-946CE70E1747}.Debug|x86.ActiveCfg = Debug|Any CPU
		{33C12B0C-6721-4C7D-BA80-946CE70E1747}.Debug|x86.Build.0 = Debug|Any CPU
		{33C12B0C-6721-4C7D-BA80-946CE70E1747}.Release|Any CPU.ActiveCfg = Release|Any CPU
		{33C12B0C-6721-4C7D-BA80-946CE70E1747}.Release|Any CPU.Build.0 = Release|Any CPU
		{33C12B0C-6721-4C7D-BA80-946CE70E1747}.Release|ARM.ActiveCfg = Release|Any CPU
		{33C12B0C-6721-4C7D-BA80-946CE70E1747}.Release|ARM.Build.0 = Release|Any CPU
		{33C12B0C-6721-4C7D-BA80-946CE70E1747}.Release|ARM64.ActiveCfg = Release|Any CPU
		{33C12B0C-6721-4C7D-BA80-946CE70E1747}.Release|ARM64.Build.0 = Release|Any CPU
		{33C12B0C-6721-4C7D-BA80-946CE70E1747}.Release|iPhone.ActiveCfg = Release|Any CPU
		{33C12B0C-6721-4C7D-BA80-946CE70E1747}.Release|iPhone.Build.0 = Release|Any CPU
		{33C12B0C-6721-4C7D-BA80-946CE70E1747}.Release|iPhoneSimulator.ActiveCfg = Release|Any CPU
		{33C12B0C-6721-4C7D-BA80-946CE70E1747}.Release|iPhoneSimulator.Build.0 = Release|Any CPU
		{33C12B0C-6721-4C7D-BA80-946CE70E1747}.Release|x64.ActiveCfg = Release|Any CPU
		{33C12B0C-6721-4C7D-BA80-946CE70E1747}.Release|x64.Build.0 = Release|Any CPU
		{33C12B0C-6721-4C7D-BA80-946CE70E1747}.Release|x86.ActiveCfg = Release|Any CPU
		{33C12B0C-6721-4C7D-BA80-946CE70E1747}.Release|x86.Build.0 = Release|Any CPU
		{116669B1-BCC5-4ED5-99F4-649FFBBC5E7C}.Debug|Any CPU.ActiveCfg = Debug|Any CPU
		{116669B1-BCC5-4ED5-99F4-649FFBBC5E7C}.Debug|Any CPU.Build.0 = Debug|Any CPU
		{116669B1-BCC5-4ED5-99F4-649FFBBC5E7C}.Debug|ARM.ActiveCfg = Debug|Any CPU
		{116669B1-BCC5-4ED5-99F4-649FFBBC5E7C}.Debug|ARM.Build.0 = Debug|Any CPU
		{116669B1-BCC5-4ED5-99F4-649FFBBC5E7C}.Debug|ARM64.ActiveCfg = Debug|Any CPU
		{116669B1-BCC5-4ED5-99F4-649FFBBC5E7C}.Debug|ARM64.Build.0 = Debug|Any CPU
		{116669B1-BCC5-4ED5-99F4-649FFBBC5E7C}.Debug|iPhone.ActiveCfg = Debug|Any CPU
		{116669B1-BCC5-4ED5-99F4-649FFBBC5E7C}.Debug|iPhone.Build.0 = Debug|Any CPU
		{116669B1-BCC5-4ED5-99F4-649FFBBC5E7C}.Debug|iPhoneSimulator.ActiveCfg = Debug|Any CPU
		{116669B1-BCC5-4ED5-99F4-649FFBBC5E7C}.Debug|iPhoneSimulator.Build.0 = Debug|Any CPU
		{116669B1-BCC5-4ED5-99F4-649FFBBC5E7C}.Debug|x64.ActiveCfg = Debug|Any CPU
		{116669B1-BCC5-4ED5-99F4-649FFBBC5E7C}.Debug|x64.Build.0 = Debug|Any CPU
		{116669B1-BCC5-4ED5-99F4-649FFBBC5E7C}.Debug|x86.ActiveCfg = Debug|Any CPU
		{116669B1-BCC5-4ED5-99F4-649FFBBC5E7C}.Debug|x86.Build.0 = Debug|Any CPU
		{116669B1-BCC5-4ED5-99F4-649FFBBC5E7C}.Release|Any CPU.ActiveCfg = Release|Any CPU
		{116669B1-BCC5-4ED5-99F4-649FFBBC5E7C}.Release|Any CPU.Build.0 = Release|Any CPU
		{116669B1-BCC5-4ED5-99F4-649FFBBC5E7C}.Release|ARM.ActiveCfg = Release|Any CPU
		{116669B1-BCC5-4ED5-99F4-649FFBBC5E7C}.Release|ARM.Build.0 = Release|Any CPU
		{116669B1-BCC5-4ED5-99F4-649FFBBC5E7C}.Release|ARM64.ActiveCfg = Release|Any CPU
		{116669B1-BCC5-4ED5-99F4-649FFBBC5E7C}.Release|ARM64.Build.0 = Release|Any CPU
		{116669B1-BCC5-4ED5-99F4-649FFBBC5E7C}.Release|iPhone.ActiveCfg = Release|Any CPU
		{116669B1-BCC5-4ED5-99F4-649FFBBC5E7C}.Release|iPhone.Build.0 = Release|Any CPU
		{116669B1-BCC5-4ED5-99F4-649FFBBC5E7C}.Release|iPhoneSimulator.ActiveCfg = Release|Any CPU
		{116669B1-BCC5-4ED5-99F4-649FFBBC5E7C}.Release|iPhoneSimulator.Build.0 = Release|Any CPU
		{116669B1-BCC5-4ED5-99F4-649FFBBC5E7C}.Release|x64.ActiveCfg = Release|Any CPU
		{116669B1-BCC5-4ED5-99F4-649FFBBC5E7C}.Release|x64.Build.0 = Release|Any CPU
		{116669B1-BCC5-4ED5-99F4-649FFBBC5E7C}.Release|x86.ActiveCfg = Release|Any CPU
		{116669B1-BCC5-4ED5-99F4-649FFBBC5E7C}.Release|x86.Build.0 = Release|Any CPU
		{E8C716C2-07CA-4FDE-B291-18DDFF75E762}.Debug|Any CPU.ActiveCfg = Debug|Any CPU
		{E8C716C2-07CA-4FDE-B291-18DDFF75E762}.Debug|Any CPU.Build.0 = Debug|Any CPU
		{E8C716C2-07CA-4FDE-B291-18DDFF75E762}.Debug|ARM.ActiveCfg = Debug|Any CPU
		{E8C716C2-07CA-4FDE-B291-18DDFF75E762}.Debug|ARM.Build.0 = Debug|Any CPU
		{E8C716C2-07CA-4FDE-B291-18DDFF75E762}.Debug|ARM64.ActiveCfg = Debug|Any CPU
		{E8C716C2-07CA-4FDE-B291-18DDFF75E762}.Debug|ARM64.Build.0 = Debug|Any CPU
		{E8C716C2-07CA-4FDE-B291-18DDFF75E762}.Debug|iPhone.ActiveCfg = Debug|Any CPU
		{E8C716C2-07CA-4FDE-B291-18DDFF75E762}.Debug|iPhone.Build.0 = Debug|Any CPU
		{E8C716C2-07CA-4FDE-B291-18DDFF75E762}.Debug|iPhoneSimulator.ActiveCfg = Debug|Any CPU
		{E8C716C2-07CA-4FDE-B291-18DDFF75E762}.Debug|iPhoneSimulator.Build.0 = Debug|Any CPU
		{E8C716C2-07CA-4FDE-B291-18DDFF75E762}.Debug|x64.ActiveCfg = Debug|Any CPU
		{E8C716C2-07CA-4FDE-B291-18DDFF75E762}.Debug|x64.Build.0 = Debug|Any CPU
		{E8C716C2-07CA-4FDE-B291-18DDFF75E762}.Debug|x86.ActiveCfg = Debug|Any CPU
		{E8C716C2-07CA-4FDE-B291-18DDFF75E762}.Debug|x86.Build.0 = Debug|Any CPU
		{E8C716C2-07CA-4FDE-B291-18DDFF75E762}.Release|Any CPU.ActiveCfg = Release|Any CPU
		{E8C716C2-07CA-4FDE-B291-18DDFF75E762}.Release|Any CPU.Build.0 = Release|Any CPU
		{E8C716C2-07CA-4FDE-B291-18DDFF75E762}.Release|ARM.ActiveCfg = Release|Any CPU
		{E8C716C2-07CA-4FDE-B291-18DDFF75E762}.Release|ARM.Build.0 = Release|Any CPU
		{E8C716C2-07CA-4FDE-B291-18DDFF75E762}.Release|ARM64.ActiveCfg = Release|Any CPU
		{E8C716C2-07CA-4FDE-B291-18DDFF75E762}.Release|ARM64.Build.0 = Release|Any CPU
		{E8C716C2-07CA-4FDE-B291-18DDFF75E762}.Release|iPhone.ActiveCfg = Release|Any CPU
		{E8C716C2-07CA-4FDE-B291-18DDFF75E762}.Release|iPhone.Build.0 = Release|Any CPU
		{E8C716C2-07CA-4FDE-B291-18DDFF75E762}.Release|iPhoneSimulator.ActiveCfg = Release|Any CPU
		{E8C716C2-07CA-4FDE-B291-18DDFF75E762}.Release|iPhoneSimulator.Build.0 = Release|Any CPU
		{E8C716C2-07CA-4FDE-B291-18DDFF75E762}.Release|x64.ActiveCfg = Release|Any CPU
		{E8C716C2-07CA-4FDE-B291-18DDFF75E762}.Release|x64.Build.0 = Release|Any CPU
		{E8C716C2-07CA-4FDE-B291-18DDFF75E762}.Release|x86.ActiveCfg = Release|Any CPU
		{E8C716C2-07CA-4FDE-B291-18DDFF75E762}.Release|x86.Build.0 = Release|Any CPU
		{9F620F4B-0D45-4546-A048-CB6A6977F10C}.Debug|Any CPU.ActiveCfg = Debug|Any CPU
		{9F620F4B-0D45-4546-A048-CB6A6977F10C}.Debug|Any CPU.Build.0 = Debug|Any CPU
		{9F620F4B-0D45-4546-A048-CB6A6977F10C}.Debug|ARM.ActiveCfg = Debug|Any CPU
		{9F620F4B-0D45-4546-A048-CB6A6977F10C}.Debug|ARM.Build.0 = Debug|Any CPU
		{9F620F4B-0D45-4546-A048-CB6A6977F10C}.Debug|ARM64.ActiveCfg = Debug|Any CPU
		{9F620F4B-0D45-4546-A048-CB6A6977F10C}.Debug|ARM64.Build.0 = Debug|Any CPU
		{9F620F4B-0D45-4546-A048-CB6A6977F10C}.Debug|iPhone.ActiveCfg = Debug|Any CPU
		{9F620F4B-0D45-4546-A048-CB6A6977F10C}.Debug|iPhone.Build.0 = Debug|Any CPU
		{9F620F4B-0D45-4546-A048-CB6A6977F10C}.Debug|iPhoneSimulator.ActiveCfg = Debug|Any CPU
		{9F620F4B-0D45-4546-A048-CB6A6977F10C}.Debug|iPhoneSimulator.Build.0 = Debug|Any CPU
		{9F620F4B-0D45-4546-A048-CB6A6977F10C}.Debug|x64.ActiveCfg = Debug|Any CPU
		{9F620F4B-0D45-4546-A048-CB6A6977F10C}.Debug|x64.Build.0 = Debug|Any CPU
		{9F620F4B-0D45-4546-A048-CB6A6977F10C}.Debug|x86.ActiveCfg = Debug|Any CPU
		{9F620F4B-0D45-4546-A048-CB6A6977F10C}.Debug|x86.Build.0 = Debug|Any CPU
		{9F620F4B-0D45-4546-A048-CB6A6977F10C}.Release|Any CPU.ActiveCfg = Release|Any CPU
		{9F620F4B-0D45-4546-A048-CB6A6977F10C}.Release|Any CPU.Build.0 = Release|Any CPU
		{9F620F4B-0D45-4546-A048-CB6A6977F10C}.Release|ARM.ActiveCfg = Release|Any CPU
		{9F620F4B-0D45-4546-A048-CB6A6977F10C}.Release|ARM.Build.0 = Release|Any CPU
		{9F620F4B-0D45-4546-A048-CB6A6977F10C}.Release|ARM64.ActiveCfg = Release|Any CPU
		{9F620F4B-0D45-4546-A048-CB6A6977F10C}.Release|ARM64.Build.0 = Release|Any CPU
		{9F620F4B-0D45-4546-A048-CB6A6977F10C}.Release|iPhone.ActiveCfg = Release|Any CPU
		{9F620F4B-0D45-4546-A048-CB6A6977F10C}.Release|iPhone.Build.0 = Release|Any CPU
		{9F620F4B-0D45-4546-A048-CB6A6977F10C}.Release|iPhoneSimulator.ActiveCfg = Release|Any CPU
		{9F620F4B-0D45-4546-A048-CB6A6977F10C}.Release|iPhoneSimulator.Build.0 = Release|Any CPU
		{9F620F4B-0D45-4546-A048-CB6A6977F10C}.Release|x64.ActiveCfg = Release|Any CPU
		{9F620F4B-0D45-4546-A048-CB6A6977F10C}.Release|x64.Build.0 = Release|Any CPU
		{9F620F4B-0D45-4546-A048-CB6A6977F10C}.Release|x86.ActiveCfg = Release|Any CPU
		{9F620F4B-0D45-4546-A048-CB6A6977F10C}.Release|x86.Build.0 = Release|Any CPU
		{D5150C0E-C791-480E-A147-D42B5F951556}.Debug|Any CPU.ActiveCfg = Debug|Any CPU
		{D5150C0E-C791-480E-A147-D42B5F951556}.Debug|Any CPU.Build.0 = Debug|Any CPU
		{D5150C0E-C791-480E-A147-D42B5F951556}.Debug|ARM.ActiveCfg = Debug|Any CPU
		{D5150C0E-C791-480E-A147-D42B5F951556}.Debug|ARM.Build.0 = Debug|Any CPU
		{D5150C0E-C791-480E-A147-D42B5F951556}.Debug|ARM64.ActiveCfg = Debug|Any CPU
		{D5150C0E-C791-480E-A147-D42B5F951556}.Debug|ARM64.Build.0 = Debug|Any CPU
		{D5150C0E-C791-480E-A147-D42B5F951556}.Debug|iPhone.ActiveCfg = Debug|Any CPU
		{D5150C0E-C791-480E-A147-D42B5F951556}.Debug|iPhone.Build.0 = Debug|Any CPU
		{D5150C0E-C791-480E-A147-D42B5F951556}.Debug|iPhoneSimulator.ActiveCfg = Debug|Any CPU
		{D5150C0E-C791-480E-A147-D42B5F951556}.Debug|iPhoneSimulator.Build.0 = Debug|Any CPU
		{D5150C0E-C791-480E-A147-D42B5F951556}.Debug|x64.ActiveCfg = Debug|Any CPU
		{D5150C0E-C791-480E-A147-D42B5F951556}.Debug|x64.Build.0 = Debug|Any CPU
		{D5150C0E-C791-480E-A147-D42B5F951556}.Debug|x86.ActiveCfg = Debug|Any CPU
		{D5150C0E-C791-480E-A147-D42B5F951556}.Debug|x86.Build.0 = Debug|Any CPU
		{D5150C0E-C791-480E-A147-D42B5F951556}.Release|Any CPU.ActiveCfg = Release|Any CPU
		{D5150C0E-C791-480E-A147-D42B5F951556}.Release|Any CPU.Build.0 = Release|Any CPU
		{D5150C0E-C791-480E-A147-D42B5F951556}.Release|ARM.ActiveCfg = Release|Any CPU
		{D5150C0E-C791-480E-A147-D42B5F951556}.Release|ARM.Build.0 = Release|Any CPU
		{D5150C0E-C791-480E-A147-D42B5F951556}.Release|ARM64.ActiveCfg = Release|Any CPU
		{D5150C0E-C791-480E-A147-D42B5F951556}.Release|ARM64.Build.0 = Release|Any CPU
		{D5150C0E-C791-480E-A147-D42B5F951556}.Release|iPhone.ActiveCfg = Release|Any CPU
		{D5150C0E-C791-480E-A147-D42B5F951556}.Release|iPhone.Build.0 = Release|Any CPU
		{D5150C0E-C791-480E-A147-D42B5F951556}.Release|iPhoneSimulator.ActiveCfg = Release|Any CPU
		{D5150C0E-C791-480E-A147-D42B5F951556}.Release|iPhoneSimulator.Build.0 = Release|Any CPU
		{D5150C0E-C791-480E-A147-D42B5F951556}.Release|x64.ActiveCfg = Release|Any CPU
		{D5150C0E-C791-480E-A147-D42B5F951556}.Release|x64.Build.0 = Release|Any CPU
		{D5150C0E-C791-480E-A147-D42B5F951556}.Release|x86.ActiveCfg = Release|Any CPU
		{D5150C0E-C791-480E-A147-D42B5F951556}.Release|x86.Build.0 = Release|Any CPU
		{9B031031-BDAF-471B-A42D-DEDC407E77B4}.Debug|Any CPU.ActiveCfg = Debug|x64
		{9B031031-BDAF-471B-A42D-DEDC407E77B4}.Debug|Any CPU.Build.0 = Debug|x64
		{9B031031-BDAF-471B-A42D-DEDC407E77B4}.Debug|Any CPU.Deploy.0 = Debug|x64
		{9B031031-BDAF-471B-A42D-DEDC407E77B4}.Debug|ARM.ActiveCfg = Debug|x64
		{9B031031-BDAF-471B-A42D-DEDC407E77B4}.Debug|ARM.Build.0 = Debug|x64
		{9B031031-BDAF-471B-A42D-DEDC407E77B4}.Debug|ARM.Deploy.0 = Debug|x64
		{9B031031-BDAF-471B-A42D-DEDC407E77B4}.Debug|ARM64.ActiveCfg = Debug|arm64
		{9B031031-BDAF-471B-A42D-DEDC407E77B4}.Debug|ARM64.Build.0 = Debug|arm64
		{9B031031-BDAF-471B-A42D-DEDC407E77B4}.Debug|ARM64.Deploy.0 = Debug|arm64
		{9B031031-BDAF-471B-A42D-DEDC407E77B4}.Debug|iPhone.ActiveCfg = Debug|x64
		{9B031031-BDAF-471B-A42D-DEDC407E77B4}.Debug|iPhone.Build.0 = Debug|x64
		{9B031031-BDAF-471B-A42D-DEDC407E77B4}.Debug|iPhone.Deploy.0 = Debug|x64
		{9B031031-BDAF-471B-A42D-DEDC407E77B4}.Debug|iPhoneSimulator.ActiveCfg = Debug|x64
		{9B031031-BDAF-471B-A42D-DEDC407E77B4}.Debug|iPhoneSimulator.Build.0 = Debug|x64
		{9B031031-BDAF-471B-A42D-DEDC407E77B4}.Debug|iPhoneSimulator.Deploy.0 = Debug|x64
		{9B031031-BDAF-471B-A42D-DEDC407E77B4}.Debug|x64.ActiveCfg = Debug|x64
		{9B031031-BDAF-471B-A42D-DEDC407E77B4}.Debug|x64.Build.0 = Debug|x64
		{9B031031-BDAF-471B-A42D-DEDC407E77B4}.Debug|x86.ActiveCfg = Debug|x86
		{9B031031-BDAF-471B-A42D-DEDC407E77B4}.Debug|x86.Build.0 = Debug|x86
		{9B031031-BDAF-471B-A42D-DEDC407E77B4}.Release|Any CPU.ActiveCfg = Release|x64
		{9B031031-BDAF-471B-A42D-DEDC407E77B4}.Release|Any CPU.Build.0 = Release|x64
		{9B031031-BDAF-471B-A42D-DEDC407E77B4}.Release|Any CPU.Deploy.0 = Release|x64
		{9B031031-BDAF-471B-A42D-DEDC407E77B4}.Release|ARM.ActiveCfg = Release|x64
		{9B031031-BDAF-471B-A42D-DEDC407E77B4}.Release|ARM.Build.0 = Release|x64
		{9B031031-BDAF-471B-A42D-DEDC407E77B4}.Release|ARM64.ActiveCfg = Release|arm64
		{9B031031-BDAF-471B-A42D-DEDC407E77B4}.Release|ARM64.Build.0 = Release|arm64
		{9B031031-BDAF-471B-A42D-DEDC407E77B4}.Release|iPhone.ActiveCfg = Release|x64
		{9B031031-BDAF-471B-A42D-DEDC407E77B4}.Release|iPhone.Build.0 = Release|x64
		{9B031031-BDAF-471B-A42D-DEDC407E77B4}.Release|iPhoneSimulator.ActiveCfg = Release|x64
		{9B031031-BDAF-471B-A42D-DEDC407E77B4}.Release|iPhoneSimulator.Build.0 = Release|x64
		{9B031031-BDAF-471B-A42D-DEDC407E77B4}.Release|x64.ActiveCfg = Release|x64
		{9B031031-BDAF-471B-A42D-DEDC407E77B4}.Release|x64.Build.0 = Release|x64
		{9B031031-BDAF-471B-A42D-DEDC407E77B4}.Release|x86.ActiveCfg = Release|x86
		{9B031031-BDAF-471B-A42D-DEDC407E77B4}.Release|x86.Build.0 = Release|x86
	EndGlobalSection
	GlobalSection(SolutionProperties) = preSolution
		HideSolutionNode = FALSE
	EndGlobalSection
	GlobalSection(NestedProjects) = preSolution
		{E8C716C2-07CA-4FDE-B291-18DDFF75E762} = {AFDE601B-C374-4E87-BB42-773680823E6C}
		{116669B1-BCC5-4ED5-99F4-649FFBBC5E7C} = {AFDE601B-C374-4E87-BB42-773680823E6C}
		{981F2E1B-516B-4E9F-BBE9-A007CD0815C2} = {AFDE601B-C374-4E87-BB42-773680823E6C}
		{C6C47B5B-2F98-4BA6-9142-FFEFF7DDC793} = {AFDE601B-C374-4E87-BB42-773680823E6C}
		{FDBB1315-12C1-4259-B7AE-254D3F8E7D56} = {981F2E1B-516B-4E9F-BBE9-A007CD0815C2}
		{03F1A8C2-8407-4D8C-BE37-E0C14BF89852} = {981F2E1B-516B-4E9F-BBE9-A007CD0815C2}
		{FD0166F6-2922-4D32-BCAA-BA518B57B3C6} = {981F2E1B-516B-4E9F-BBE9-A007CD0815C2}
		{9B031031-BDAF-471B-A42D-DEDC407E77B4} = {981F2E1B-516B-4E9F-BBE9-A007CD0815C2}
		{33C12B0C-6721-4C7D-BA80-946CE70E1747} = {C6C47B5B-2F98-4BA6-9142-FFEFF7DDC793}
		{9F620F4B-0D45-4546-A048-CB6A6977F10C} = {3848DBBA-F3E5-4EF2-9129-AEAB4F4AA5F9}
		{D5150C0E-C791-480E-A147-D42B5F951556} = {3848DBBA-F3E5-4EF2-9129-AEAB4F4AA5F9}
	EndGlobalSection
	GlobalSection(ExtensibilityGlobals) = postSolution
		SolutionGuid = {2B29B812-66FD-4094-B4BB-840714429969}
	EndGlobalSection
EndGlobal
